
Microsoft Visual Studio Solution File, Format Version 12.00
Project("{FAE04EC0-301F-11D3-BF4B-00C04F79EFBC}") = "Monobilliard", "Monobilliard\Monobilliard.csproj", "{C35D9F4D-FB55-465A-923C-9C0B0DE558B8}"
EndProject
Global
	GlobalSection(SolutionConfigurationPlatforms) = preSolution
		Debug|Any CPU = Debug|Any CPU
		Release|Any CPU = Release|Any CPU
	EndGlobalSection
	GlobalSection(ProjectConfigurationPlatforms) = postSolution
		{C35D9F4D-FB55-465A-923C-9C0B0DE558B8}.Debug|Any CPU.ActiveCfg = Debug|Any CPU
		{C35D9F4D-FB55-465A-923C-9C0B0DE558B8}.Debug|Any CPU.Build.0 = Debug|Any CPU
		{C35D9F4D-FB55-465A-923C-9C0B0DE558B8}.Release|Any CPU.ActiveCfg = Release|Any CPU
		{C35D9F4D-FB55-465A-923C-9C0B0DE558B8}.Release|Any CPU.Build.0 = Release|Any CPU
	EndGlobalSection
EndGlobal
